
Microsoft Visual Studio Solution File, Format Version 12.00
# Visual Studio Version 17
VisualStudioVersion = 17.4.33213.308
MinimumVisualStudioVersion = 10.0.40219.1
Project("{FAE04EC0-301F-11D3-BF4B-00C04F79EFBC}") = "PolandPeople", "PolandPeople\PolandPeople.csproj", "{C5677DF5-4C1F-4F68-920A-CCC5AC99FE0D}"
EndProject
Global
	GlobalSection(SolutionConfigurationPlatforms) = preSolution
		Debug|Any CPU = Debug|Any CPU
		Release|Any CPU = Release|Any CPU
	EndGlobalSection
	GlobalSection(ProjectConfigurationPlatforms) = postSolution
		{C5677DF5-4C1F-4F68-920A-CCC5AC99FE0D}.Debug|Any CPU.ActiveCfg = Debug|Any CPU
		{C5677DF5-4C1F-4F68-920A-CCC5AC99FE0D}.Debug|Any CPU.Build.0 = Debug|Any CPU
		{C5677DF5-4C1F-4F68-920A-CCC5AC99FE0D}.Release|Any CPU.ActiveCfg = Release|Any CPU
		{C5677DF5-4C1F-4F68-920A-CCC5AC99FE0D}.Release|Any CPU.Build.0 = Release|Any CPU
	EndGlobalSection
	GlobalSection(SolutionProperties) = preSolution
		HideSolutionNode = FALSE
	EndGlobalSection
	GlobalSection(ExtensibilityGlobals) = postSolution
		SolutionGuid = {19F45E8F-923C-4D01-9F4C-A8A74E468392}
	EndGlobalSection
EndGlobal
